lockfileVersion: '9.0'

settings:
  autoInstallPeers: true
  excludeLinksFromLockfile: false

importers:

  .:
    devDependencies:
      '@webgpu/types':
        specifier: ^0.1.65
        version: 0.1.65
      typegpu:
        specifier: https://pkg.pr.new/software-mansion/TypeGPU/typegpu@7320da746159cbb45eede15be0188cd2a3a3af6d
        version: https://pkg.pr.new/software-mansion/TypeGPU/typegpu@7320da746159cbb45eede15be0188cd2a3a3af6d
      typescript:
        specifier: ~5.8.3
        version: 5.8.3
      unplugin-typegpu:
        specifier: ^0.2.2
        version: 0.2.2(typegpu@https://pkg.pr.new/software-mansion/TypeGPU/typegpu@7320da746159cbb45eede15be0188cd2a3a3af6d)
      vite:
        specifier: ^7.1.7
        version: 7.1.7
      wayfare:
        specifier: ^0.3.0-alpha.0
        version: 0.3.0-alpha.0(koota@0.5.1)(typegpu@https://pkg.pr.new/software-mansion/TypeGPU/typegpu@7320da746159cbb45eede15be0188cd2a3a3af6d)(wgpu-matrix@3.4.0)

packages:

  '@babel/standalone@7.28.4':
    resolution: {integrity: sha512-Qc1BNCfuJZBKs2SC5lqRmSYOw7Ka0X7urZQ7oVsGIax4eGDUIHX+CDg752N4jDxC2rbBh3li098ReGOtjT0x4g==}
    engines: {node: '>=6.9.0'}

  '@esbuild/aix-ppc64@0.25.10':
    resolution: {integrity: sha512-0NFWnA+7l41irNuaSVlLfgNT12caWJVLzp5eAVhZ0z1qpxbockccEt3s+149rE64VUI3Ml2zt8Nv5JVc4QXTsw==}
    engines: {node: '>=18'}
    cpu: [ppc64]
    os: [aix]

  '@esbuild/android-arm64@0.25.10':
    resolution: {integrity: sha512-LSQa7eDahypv/VO6WKohZGPSJDq5OVOo3UoFR1E4t4Gj1W7zEQMUhI+lo81H+DtB+kP+tDgBp+M4oNCwp6kffg==}
    engines: {node: '>=18'}
    cpu: [arm64]
    os: [android]

  '@esbuild/android-arm@0.25.10':
    resolution: {integrity: sha512-dQAxF1dW1C3zpeCDc5KqIYuZ1tgAdRXNoZP7vkBIRtKZPYe2xVr/d3SkirklCHudW1B45tGiUlz2pUWDfbDD4w==}
    engines: {node: '>=18'}
    cpu: [arm]
    os: [android]

  '@esbuild/android-x64@0.25.10':
    resolution: {integrity: sha512-MiC9CWdPrfhibcXwr39p9ha1x0lZJ9KaVfvzA0Wxwz9ETX4v5CHfF09bx935nHlhi+MxhA63dKRRQLiVgSUtEg==}
    engines: {node: '>=18'}
    cpu: [x64]
    os: [android]

  '@esbuild/darwin-arm64@0.25.10':
    resolution: {integrity: sha512-JC74bdXcQEpW9KkV326WpZZjLguSZ3DfS8wrrvPMHgQOIEIG/sPXEN/V8IssoJhbefLRcRqw6RQH2NnpdprtMA==}
    engines: {node: '>=18'}
    cpu: [arm64]
    os: [darwin]

  '@esbuild/darwin-x64@0.25.10':
    resolution: {integrity: sha512-tguWg1olF6DGqzws97pKZ8G2L7Ig1vjDmGTwcTuYHbuU6TTjJe5FXbgs5C1BBzHbJ2bo1m3WkQDbWO2PvamRcg==}
    engines: {node: '>=18'}
    cpu: [x64]
    os: [darwin]

  '@esbuild/freebsd-arm64@0.25.10':
    resolution: {integrity: sha512-3ZioSQSg1HT2N05YxeJWYR+Libe3bREVSdWhEEgExWaDtyFbbXWb49QgPvFH8u03vUPX10JhJPcz7s9t9+boWg==}
    engines: {node: '>=18'}
    cpu: [arm64]
    os: [freebsd]

  '@esbuild/freebsd-x64@0.25.10':
    resolution: {integrity: sha512-LLgJfHJk014Aa4anGDbh8bmI5Lk+QidDmGzuC2D+vP7mv/GeSN+H39zOf7pN5N8p059FcOfs2bVlrRr4SK9WxA==}
    engines: {node: '>=18'}
    cpu: [x64]
    os: [freebsd]

  '@esbuild/linux-arm64@0.25.10':
    resolution: {integrity: sha512-5luJWN6YKBsawd5f9i4+c+geYiVEw20FVW5x0v1kEMWNq8UctFjDiMATBxLvmmHA4bf7F6hTRaJgtghFr9iziQ==}
    engines: {node: '>=18'}
    cpu: [arm64]
    os: [linux]

  '@esbuild/linux-arm@0.25.10':
    resolution: {integrity: sha512-oR31GtBTFYCqEBALI9r6WxoU/ZofZl962pouZRTEYECvNF/dtXKku8YXcJkhgK/beU+zedXfIzHijSRapJY3vg==}
    engines: {node: '>=18'}
    cpu: [arm]
    os: [linux]

  '@esbuild/linux-ia32@0.25.10':
    resolution: {integrity: sha512-NrSCx2Kim3EnnWgS4Txn0QGt0Xipoumb6z6sUtl5bOEZIVKhzfyp/Lyw4C1DIYvzeW/5mWYPBFJU3a/8Yr75DQ==}
    engines: {node: '>=18'}
    cpu: [ia32]
    os: [linux]

  '@esbuild/linux-loong64@0.25.10':
    resolution: {integrity: sha512-xoSphrd4AZda8+rUDDfD9J6FUMjrkTz8itpTITM4/xgerAZZcFW7Dv+sun7333IfKxGG8gAq+3NbfEMJfiY+Eg==}
    engines: {node: '>=18'}
    cpu: [loong64]
    os: [linux]

  '@esbuild/linux-mips64el@0.25.10':
    resolution: {integrity: sha512-ab6eiuCwoMmYDyTnyptoKkVS3k8fy/1Uvq7Dj5czXI6DF2GqD2ToInBI0SHOp5/X1BdZ26RKc5+qjQNGRBelRA==}
    engines: {node: '>=18'}
    cpu: [mips64el]
    os: [linux]

  '@esbuild/linux-ppc64@0.25.10':
    resolution: {integrity: sha512-NLinzzOgZQsGpsTkEbdJTCanwA5/wozN9dSgEl12haXJBzMTpssebuXR42bthOF3z7zXFWH1AmvWunUCkBE4EA==}
    engines: {node: '>=18'}
    cpu: [ppc64]
    os: [linux]

  '@esbuild/linux-riscv64@0.25.10':
    resolution: {integrity: sha512-FE557XdZDrtX8NMIeA8LBJX3dC2M8VGXwfrQWU7LB5SLOajfJIxmSdyL/gU1m64Zs9CBKvm4UAuBp5aJ8OgnrA==}
    engines: {node: '>=18'}
    cpu: [riscv64]
    os: [linux]

  '@esbuild/linux-s390x@0.25.10':
    resolution: {integrity: sha512-3BBSbgzuB9ajLoVZk0mGu+EHlBwkusRmeNYdqmznmMc9zGASFjSsxgkNsqmXugpPk00gJ0JNKh/97nxmjctdew==}
    engines: {node: '>=18'}
    cpu: [s390x]
    os: [linux]

  '@esbuild/linux-x64@0.25.10':
    resolution: {integrity: sha512-QSX81KhFoZGwenVyPoberggdW1nrQZSvfVDAIUXr3WqLRZGZqWk/P4T8p2SP+de2Sr5HPcvjhcJzEiulKgnxtA==}
    engines: {node: '>=18'}
    cpu: [x64]
    os: [linux]

  '@esbuild/netbsd-arm64@0.25.10':
    resolution: {integrity: sha512-AKQM3gfYfSW8XRk8DdMCzaLUFB15dTrZfnX8WXQoOUpUBQ+NaAFCP1kPS/ykbbGYz7rxn0WS48/81l9hFl3u4A==}
    engines: {node: '>=18'}
    cpu: [arm64]
    os: [netbsd]

  '@esbuild/netbsd-x64@0.25.10':
    resolution: {integrity: sha512-7RTytDPGU6fek/hWuN9qQpeGPBZFfB4zZgcz2VK2Z5VpdUxEI8JKYsg3JfO0n/Z1E/6l05n0unDCNc4HnhQGig==}
    engines: {node: '>=18'}
    cpu: [x64]
    os: [netbsd]

  '@esbuild/openbsd-arm64@0.25.10':
    resolution: {integrity: sha512-5Se0VM9Wtq797YFn+dLimf2Zx6McttsH2olUBsDml+lm0GOCRVebRWUvDtkY4BWYv/3NgzS8b/UM3jQNh5hYyw==}
    engines: {node: '>=18'}
    cpu: [arm64]
    os: [openbsd]

  '@esbuild/openbsd-x64@0.25.10':
    resolution: {integrity: sha512-XkA4frq1TLj4bEMB+2HnI0+4RnjbuGZfet2gs/LNs5Hc7D89ZQBHQ0gL2ND6Lzu1+QVkjp3x1gIcPKzRNP8bXw==}
    engines: {node: '>=18'}
    cpu: [x64]
    os: [openbsd]

  '@esbuild/openharmony-arm64@0.25.10':
    resolution: {integrity: sha512-AVTSBhTX8Y/Fz6OmIVBip9tJzZEUcY8WLh7I59+upa5/GPhh2/aM6bvOMQySspnCCHvFi79kMtdJS1w0DXAeag==}
    engines: {node: '>=18'}
    cpu: [arm64]
    os: [openharmony]

  '@esbuild/sunos-x64@0.25.10':
    resolution: {integrity: sha512-fswk3XT0Uf2pGJmOpDB7yknqhVkJQkAQOcW/ccVOtfx05LkbWOaRAtn5SaqXypeKQra1QaEa841PgrSL9ubSPQ==}
    engines: {node: '>=18'}
    cpu: [x64]
    os: [sunos]

  '@esbuild/win32-arm64@0.25.10':
    resolution: {integrity: sha512-ah+9b59KDTSfpaCg6VdJoOQvKjI33nTaQr4UluQwW7aEwZQsbMCfTmfEO4VyewOxx4RaDT/xCy9ra2GPWmO7Kw==}
    engines: {node: '>=18'}
    cpu: [arm64]
    os: [win32]

  '@esbuild/win32-ia32@0.25.10':
    resolution: {integrity: sha512-QHPDbKkrGO8/cz9LKVnJU22HOi4pxZnZhhA2HYHez5Pz4JeffhDjf85E57Oyco163GnzNCVkZK0b/n4Y0UHcSw==}
    engines: {node: '>=18'}
    cpu: [ia32]
    os: [win32]

  '@esbuild/win32-x64@0.25.10':
    resolution: {integrity: sha512-9KpxSVFCu0iK1owoez6aC/s/EdUQLDN3adTxGCqxMVhrPDj6bt5dbrHDXUuq+Bs2vATFBBrQS5vdQ/Ed2P+nbw==}
    engines: {node: '>=18'}
    cpu: [x64]
    os: [win32]

  '@jridgewell/gen-mapping@0.3.13':
    resolution: {integrity: sha512-2kkt/7niJ6MgEPxF0bYdQ6etZaA+fQvDcLKckhy1yIQOzaoKjBBjSj63/aLVjYE3qhRt5dvM+uUyfCg6UKCBbA==}

  '@jridgewell/remapping@2.3.5':
    resolution: {integrity: sha512-LI9u/+laYG4Ds1TDKSJW2YPrIlcVYOwi2fUC6xB43lueCjgxV4lffOCZCtYFiH6TNOX+tQKXx97T4IKHbhyHEQ==}

  '@jridgewell/resolve-uri@3.1.2':
    resolution: {integrity: sha512-bRISgCIjP20/tbWSPWMEi54QVPRZExkuD9lJL+UIxUKtwVJA8wW1Trb1jMs1RFXo1CBTNZ/5hpC9QvmKWdopKw==}
    engines: {node: '>=6.0.0'}

  '@jridgewell/sourcemap-codec@1.5.5':
    resolution: {integrity: sha512-cYQ9310grqxueWbl+WuIUIaiUaDcj7WOq5fVhEljNVgRfOUhY9fy2zTvfoqWsnebh8Sl70VScFbICvJnLKB0Og==}

  '@jridgewell/trace-mapping@0.3.31':
    resolution: {integrity: sha512-zzNR+SdQSDJzc8joaeP8QQoCQr8NuYx2dIIytl1QeBEZHJ9uW6hebsrYgbz8hJwUQao3TWCMtmfV8Nu1twOLAw==}

  '@loaders.gl/core@4.3.4':
    resolution: {integrity: sha512-cG0C5fMZ1jyW6WCsf4LoHGvaIAJCEVA/ioqKoYRwoSfXkOf+17KupK1OUQyUCw5XoRn+oWA1FulJQOYlXnb9Gw==}

  '@loaders.gl/draco@4.3.4':
    resolution: {integrity: sha512-4Lx0rKmYENGspvcgV5XDpFD9o+NamXoazSSl9Oa3pjVVjo+HJuzCgrxTQYD/3JvRrolW/QRehZeWD/L/cEC6mw==}
    peerDependencies:
      '@loaders.gl/core': ^4.3.0

  '@loaders.gl/gltf@4.3.4':
    resolution: {integrity: sha512-EiUTiLGMfukLd9W98wMpKmw+hVRhQ0dJ37wdlXK98XPeGGB+zTQxCcQY+/BaMhsSpYt/OOJleHhTfwNr8RgzRg==}
    peerDependencies:
      '@loaders.gl/core': ^4.3.0

  '@loaders.gl/images@4.3.4':
    resolution: {integrity: sha512-qgc33BaNsqN9cWa/xvcGvQ50wGDONgQQdzHCKDDKhV2w/uptZoR5iofJfuG8UUV2vUMMd82Uk9zbopRx2rS4Ag==}
    peerDependencies:
      '@loaders.gl/core': ^4.3.0

  '@loaders.gl/loader-utils@4.3.4':
    resolution: {integrity: sha512-tjMZvlKQSaMl2qmYTAxg+ySR6zd6hQn5n3XaU8+Ehp90TD3WzxvDKOMNDqOa72fFmIV+KgPhcmIJTpq4lAdC4Q==}
    peerDependencies:
      '@loaders.gl/core': ^4.3.0

  '@loaders.gl/obj@4.3.4':
    resolution: {integrity: sha512-Rdn+NHjLI0jKYrKNicJuQJohnHh7QAv4szCji8eafYYMrVtSIonNozBXUfe/c4V7HL/FVvvHCkfC66rvLvayaQ==}
    peerDependencies:
      '@loaders.gl/core': ^4.3.0

  '@loaders.gl/schema@4.3.4':
    resolution: {integrity: sha512-1YTYoatgzr/6JTxqBLwDiD3AVGwQZheYiQwAimWdRBVB0JAzych7s1yBuE0CVEzj4JDPKOzVAz8KnU1TiBvJGw==}
    peerDependencies:
      '@loaders.gl/core': ^4.3.0

  '@loaders.gl/textures@4.3.4':
    resolution: {integrity: sha512-arWIDjlE7JaDS6v9by7juLfxPGGnjT9JjleaXx3wq/PTp+psLOpGUywHXm38BNECos3MFEQK3/GFShWI+/dWPw==}
    peerDependencies:
      '@loaders.gl/core': ^4.3.0

  '@loaders.gl/worker-utils@4.3.4':
    resolution: {integrity: sha512-EbsszrASgT85GH3B7jkx7YXfQyIYo/rlobwMx6V3ewETapPUwdSAInv+89flnk5n2eu2Lpdeh+2zS6PvqbL2RA==}
    peerDependencies:
      '@loaders.gl/core': ^4.3.0

  '@math.gl/core@4.1.0':
    resolution: {integrity: sha512-FrdHBCVG3QdrworwrUSzXIaK+/9OCRLscxI2OUy6sLOHyHgBMyfnEGs99/m3KNvs+95BsnQLWklVfpKfQzfwKA==}

  '@math.gl/types@4.1.0':
    resolution: {integrity: sha512-clYZdHcmRvMzVK5fjeDkQlHUzXQSNdZ7s4xOqC3nJPgz4C/TZkUecTo9YS4PruZqtDda/ag4erndP0MIn40dGA==}

  '@probe.gl/env@4.1.0':
    resolution: {integrity: sha512-5ac2Jm2K72VCs4eSMsM7ykVRrV47w32xOGMvcgqn8vQdEMF9PRXyBGYEV9YbqRKWNKpNKmQJVi4AHM/fkCxs9w==}

  '@probe.gl/log@4.1.0':
    resolution: {integrity: sha512-r4gRReNY6f+OZEMgfWEXrAE2qJEt8rX0HsDJQXUBMoc+5H47bdB7f/5HBHAmapK8UydwPKL9wCDoS22rJ0yq7Q==}

  '@probe.gl/stats@4.1.0':
    resolution: {integrity: sha512-EI413MkWKBDVNIfLdqbeNSJTs7ToBz/KVGkwi3D+dQrSIkRI2IYbWGAU3xX+D6+CI4ls8ehxMhNpUVMaZggDvQ==}

  '@rollup/rollup-android-arm-eabi@4.52.3':
    resolution: {integrity: sha512-h6cqHGZ6VdnwliFG1NXvMPTy/9PS3h8oLh7ImwR+kl+oYnQizgjxsONmmPSb2C66RksfkfIxEVtDSEcJiO0tqw==}
    cpu: [arm]
    os: [android]

  '@rollup/rollup-android-arm64@4.52.3':
    resolution: {integrity: sha512-wd+u7SLT/u6knklV/ifG7gr5Qy4GUbH2hMWcDauPFJzmCZUAJ8L2bTkVXC2niOIxp8lk3iH/QX8kSrUxVZrOVw==}
    cpu: [arm64]
    os: [android]

  '@rollup/rollup-darwin-arm64@4.52.3':
    resolution: {integrity: sha512-lj9ViATR1SsqycwFkJCtYfQTheBdvlWJqzqxwc9f2qrcVrQaF/gCuBRTiTolkRWS6KvNxSk4KHZWG7tDktLgjg==}
    cpu: [arm64]
    os: [darwin]

  '@rollup/rollup-darwin-x64@4.52.3':
    resolution: {integrity: sha512-+Dyo7O1KUmIsbzx1l+4V4tvEVnVQqMOIYtrxK7ncLSknl1xnMHLgn7gddJVrYPNZfEB8CIi3hK8gq8bDhb3h5A==}
    cpu: [x64]
    os: [darwin]

  '@rollup/rollup-freebsd-arm64@4.52.3':
    resolution: {integrity: sha512-u9Xg2FavYbD30g3DSfNhxgNrxhi6xVG4Y6i9Ur1C7xUuGDW3banRbXj+qgnIrwRN4KeJ396jchwy9bCIzbyBEQ==}
    cpu: [arm64]
    os: [freebsd]

  '@rollup/rollup-freebsd-x64@4.52.3':
    resolution: {integrity: sha512-5M8kyi/OX96wtD5qJR89a/3x5x8x5inXBZO04JWhkQb2JWavOWfjgkdvUqibGJeNNaz1/Z1PPza5/tAPXICI6A==}
    cpu: [x64]
    os: [freebsd]

  '@rollup/rollup-linux-arm-gnueabihf@4.52.3':
    resolution: {integrity: sha512-IoerZJ4l1wRMopEHRKOO16e04iXRDyZFZnNZKrWeNquh5d6bucjezgd+OxG03mOMTnS1x7hilzb3uURPkJ0OfA==}
    cpu: [arm]
    os: [linux]

  '@rollup/rollup-linux-arm-musleabihf@4.52.3':
    resolution: {integrity: sha512-ZYdtqgHTDfvrJHSh3W22TvjWxwOgc3ThK/XjgcNGP2DIwFIPeAPNsQxrJO5XqleSlgDux2VAoWQ5iJrtaC1TbA==}
    cpu: [arm]
    os: [linux]

  '@rollup/rollup-linux-arm64-gnu@4.52.3':
    resolution: {integrity: sha512-NcViG7A0YtuFDA6xWSgmFb6iPFzHlf5vcqb2p0lGEbT+gjrEEz8nC/EeDHvx6mnGXnGCC1SeVV+8u+smj0CeGQ==}
    cpu: [arm64]
    os: [linux]

  '@rollup/rollup-linux-arm64-musl@4.52.3':
    resolution: {integrity: sha512-d3pY7LWno6SYNXRm6Ebsq0DJGoiLXTb83AIPCXl9fmtIQs/rXoS8SJxxUNtFbJ5MiOvs+7y34np77+9l4nfFMw==}
    cpu: [arm64]
    os: [linux]

  '@rollup/rollup-linux-loong64-gnu@4.52.3':
    resolution: {integrity: sha512-3y5GA0JkBuirLqmjwAKwB0keDlI6JfGYduMlJD/Rl7fvb4Ni8iKdQs1eiunMZJhwDWdCvrcqXRY++VEBbvk6Eg==}
    cpu: [loong64]
    os: [linux]

  '@rollup/rollup-linux-ppc64-gnu@4.52.3':
    resolution: {integrity: sha512-AUUH65a0p3Q0Yfm5oD2KVgzTKgwPyp9DSXc3UA7DtxhEb/WSPfbG4wqXeSN62OG5gSo18em4xv6dbfcUGXcagw==}
    cpu: [ppc64]
    os: [linux]

  '@rollup/rollup-linux-riscv64-gnu@4.52.3':
    resolution: {integrity: sha512-1makPhFFVBqZE+XFg3Dkq+IkQ7JvmUrwwqaYBL2CE+ZpxPaqkGaiWFEWVGyvTwZace6WLJHwjVh/+CXbKDGPmg==}
    cpu: [riscv64]
    os: [linux]

  '@rollup/rollup-linux-riscv64-musl@4.52.3':
    resolution: {integrity: sha512-OOFJa28dxfl8kLOPMUOQBCO6z3X2SAfzIE276fwT52uXDWUS178KWq0pL7d6p1kz7pkzA0yQwtqL0dEPoVcRWg==}
    cpu: [riscv64]
    os: [linux]

  '@rollup/rollup-linux-s390x-gnu@4.52.3':
    resolution: {integrity: sha512-jMdsML2VI5l+V7cKfZx3ak+SLlJ8fKvLJ0Eoa4b9/vCUrzXKgoKxvHqvJ/mkWhFiyp88nCkM5S2v6nIwRtPcgg==}
    cpu: [s390x]
    os: [linux]

  '@rollup/rollup-linux-x64-gnu@4.52.3':
    resolution: {integrity: sha512-tPgGd6bY2M2LJTA1uGq8fkSPK8ZLYjDjY+ZLK9WHncCnfIz29LIXIqUgzCR0hIefzy6Hpbe8Th5WOSwTM8E7LA==}
    cpu: [x64]
    os: [linux]

  '@rollup/rollup-linux-x64-musl@4.52.3':
    resolution: {integrity: sha512-BCFkJjgk+WFzP+tcSMXq77ymAPIxsX9lFJWs+2JzuZTLtksJ2o5hvgTdIcZ5+oKzUDMwI0PfWzRBYAydAHF2Mw==}
    cpu: [x64]
    os: [linux]

  '@rollup/rollup-openharmony-arm64@4.52.3':
    resolution: {integrity: sha512-KTD/EqjZF3yvRaWUJdD1cW+IQBk4fbQaHYJUmP8N4XoKFZilVL8cobFSTDnjTtxWJQ3JYaMgF4nObY/+nYkumA==}
    cpu: [arm64]
    os: [openharmony]

  '@rollup/rollup-win32-arm64-msvc@4.52.3':
    resolution: {integrity: sha512-+zteHZdoUYLkyYKObGHieibUFLbttX2r+58l27XZauq0tcWYYuKUwY2wjeCN9oK1Um2YgH2ibd6cnX/wFD7DuA==}
    cpu: [arm64]
    os: [win32]

  '@rollup/rollup-win32-ia32-msvc@4.52.3':
    resolution: {integrity: sha512-of1iHkTQSo3kr6dTIRX6t81uj/c/b15HXVsPcEElN5sS859qHrOepM5p9G41Hah+CTqSh2r8Bm56dL2z9UQQ7g==}
    cpu: [ia32]
    os: [win32]

  '@rollup/rollup-win32-x64-gnu@4.52.3':
    resolution: {integrity: sha512-s0hybmlHb56mWVZQj8ra9048/WZTPLILKxcvcq+8awSZmyiSUZjjem1AhU3Tf4ZKpYhK4mg36HtHDOe8QJS5PQ==}
    cpu: [x64]
    os: [win32]

  '@rollup/rollup-win32-x64-msvc@4.52.3':
    resolution: {integrity: sha512-zGIbEVVXVtauFgl3MRwGWEN36P5ZGenHRMgNw88X5wEhEBpq0XrMEZwOn07+ICrwM17XO5xfMZqh0OldCH5VTA==}
    cpu: [x64]
    os: [win32]

  '@types/estree@1.0.8':
    resolution: {integrity: sha512-dWHzHa2WqEXI/O1E9OjrocMTKJl2mSrEolh1Iomrv6U+JuNwaHXsXx9bLu5gG7BUWFIN0skIQJQ/L1rIex4X6w==}

  '@types/geojson@7946.0.16':
    resolution: {integrity: sha512-6C8nqWur3j98U6+lXDfTUWIfgvZU+EumvpHKcYjujKH7woYyLj2sUmff0tRhrqM7BohUw7Pz3ZB1jj2gW9Fvmg==}

  '@webgpu/types@0.1.65':
    resolution: {integrity: sha512-cYrHab4d6wuVvDW5tdsfI6/o6vcLMDe6w2Citd1oS51Xxu2ycLCnVo4fqwujfKWijrZMInTJIKcXxteoy21nVA==}

  acorn@8.15.0:
    resolution: {integrity: sha512-NZyJarBfL7nWwIq+FDL6Zp/yHEhePMNnnJ0y3qfieCrmNvYct8uvtiV41UvlSe6apAfk0fY1FbWx+NwfmpvtTg==}
    engines: {node: '>=0.4.0'}
    hasBin: true

  argparse@1.0.10:
    resolution: {integrity: sha512-o5Roy6tNG4SL/FOkCAN6RzjiakZS25RLYFrcMttJqbdd8BWrnA+fGz57iN5Pb06pvBGvl5gQ0B48dJlslXvoTg==}

  defu@6.1.4:
    resolution: {integrity: sha512-mEQCMmwJu317oSz8CwdIOdwf3xMif1ttiM8LTufzc3g6kR+9Pe236twL8j3IYT1F7GfRgGcW6MWxzZjLIkuHIg==}

  draco3d@1.5.7:
    resolution: {integrity: sha512-m6WCKt/erDXcw+70IJXnG7M3awwQPAsZvJGX5zY7beBqpELw6RDGkYVU0W43AFxye4pDZ5i2Lbyc/NNGqwjUVQ==}

  esbuild@0.25.10:
    resolution: {integrity: sha512-9RiGKvCwaqxO2owP61uQ4BgNborAQskMR6QusfWzQqv7AZOg5oGehdY2pRJMTKuwxd1IDBP4rSbI5lHzU7SMsQ==}
    engines: {node: '>=18'}
    hasBin: true

  estree-walker@3.0.3:
    resolution: {integrity: sha512-7RUKfXgSMMkzt6ZuXmqapOurLGPPfgj6l9uRZ7lRGolvk0y2yocc35LdcxKC5PQZdn2DMqioAQ2NoWcrTKmm6g==}

  fdir@6.5.0:
    resolution: {integrity: sha512-tIbYtZbucOs0BRGqPJkshJUYdL+SDH7dVM8gjy+ERp3WAUjLEFJE+02kanyHtwjWOnwrKYBiwAmM0p4kLJAnXg==}
    engines: {node: '>=12.0.0'}
    peerDependencies:
      picomatch: ^3 || ^4
    peerDependenciesMeta:
      picomatch:
        optional: true

  fsevents@2.3.3:
    resolution: {integrity: sha512-5xoDfX+fL7faATnagmWPpbFtwh/R77WmMMqqHGS65C3vvB0YHrgF+B1YmZ3441tMj5n63k0212XNoJwzlhffQw==}
    engines: {node: ^8.16.0 || ^10.6.0 || >=11.0.0}
    os: [darwin]

  image-size@0.7.5:
    resolution: {integrity: sha512-Hiyv+mXHfFEP7LzUL/llg9RwFxxY+o9N3JVLIeG5E7iFIFAalxvRU9UZthBdYDEVnzHMgjnKJPPpay5BWf1g9g==}
    engines: {node: '>=6.9.0'}
    hasBin: true

  koota@0.5.1:
    resolution: {integrity: sha512-+GZrqszgor+azSZrrVJVZWuK4SGKK/rSQD8nPozQcvT6O8Y+0zFwdfiGLEuCYyLMAV4SyVLtg+8BFNvCF2OJBQ==}
    peerDependencies:
      '@types/react': '>=18.0.0'
      react: '>=18.0.0'
    peerDependenciesMeta:
      '@types/react':
        optional: true
      react:
        optional: true

  ktx-parse@0.7.1:
    resolution: {integrity: sha512-FeA3g56ksdFNwjXJJsc1CCc7co+AJYDp6ipIp878zZ2bU8kWROatLYf39TQEd4/XRSUvBXovQ8gaVKWPXsCLEQ==}

  magic-string-ast@1.0.2:
    resolution: {integrity: sha512-8ngQgLhcT0t3YBdn9CGkZqCYlvwW9pm7aWJwd7AxseVWf1RU8ZHCQvG1mt3N5vvUme+pXTcHB8G/7fE666U8Vw==}
    engines: {node: '>=20.18.0'}

  magic-string@0.30.19:
    resolution: {integrity: sha512-2N21sPY9Ws53PZvsEpVtNuSW+ScYbQdp4b9qUaL+9QkHUrGFKo56Lg9Emg5s9V/qrtNBmiR01sYhUOwu3H+VOw==}

  nanoid@3.3.11:
    resolution: {integrity: sha512-N8SpfPUnUp1bK+PMYW8qSWdl9U+wwNWI4QKxOYDy9JAro3WMX7p2OeVRF9v+347pnakNevPmiHhNmZ2HbFA76w==}
    engines: {node: ^10 || ^12 || ^13.7 || ^14 || >=15.0.1}
    hasBin: true

  pathe@2.0.3:
    resolution: {integrity: sha512-WUjGcAqP1gQacoQe+OBJsFA7Ld4DyXuUIjZ5cc75cLHvJ7dtNsTugphxIADwspS+AraAUePCKrSVtPLFj/F88w==}

  picocolors@1.1.1:
    resolution: {integrity: sha512-xceH2snhtb5M9liqDsmEw56le376mTZkEX/jEb/RxNFyegNul7eNslCXP9FDj/Lcu0X8KEyMceP2ntpaHrDEVA==}

  picomatch@4.0.3:
    resolution: {integrity: sha512-5gTmgEY/sqK6gFXLIsQNH19lWb4ebPDLA4SdLP7dsWkIXHWlG66oPuVvXSGFPppYZz8ZDZq0dYYrbHfBCVUb1Q==}
    engines: {node: '>=12'}

  postcss@8.5.6:
    resolution: {integrity: sha512-3Ybi1tAuwAP9s0r1UQ2J4n5Y0G05bJkpUIO0/bI9MhwmD70S5aTWbXGBwxHrelT+XM1k6dM0pk+SwNkpTRN7Pg==}
    engines: {node: ^10 || ^12 || >=14}

  rollup@4.52.3:
    resolution: {integrity: sha512-RIDh866U8agLgiIcdpB+COKnlCreHJLfIhWC3LVflku5YHfpnsIKigRZeFfMfCc4dVcqNVfQQ5gO/afOck064A==}
    engines: {node: '>=18.0.0', npm: '>=8.0.0'}
    hasBin: true

  source-map-js@1.2.1:
    resolution: {integrity: sha512-UXWMKhLOwVKb728IUtQPXxfYU+usdybtUrK/8uGE8CQMvrhOpwvzDBwj0QhSL7MQc7vIsISBG8VQ8+IDQxpfQA==}
    engines: {node: '>=0.10.0'}

  sprintf-js@1.0.3:
    resolution: {integrity: sha512-D9cPgkvLlV3t3IzL0D0YLvGA9Ahk4PcvVwUbN0dSGr1aP0Nrt4AEnTUbuGvquEC0mA64Gqt1fzirlRs5ibXx8g==}

  texture-compressor@1.0.2:
    resolution: {integrity: sha512-dStVgoaQ11mA5htJ+RzZ51ZxIZqNOgWKAIvtjLrW1AliQQLCmrDqNzQZ8Jh91YealQ95DXt4MEduLzJmbs6lig==}
    hasBin: true

  tinyest-for-wgsl@0.1.2:
    resolution: {integrity: sha512-yJ49SoJIpEi4ADsBVNE54GVJ5JZMIAKNkRueeNpYhIiq0z1Nn9THJNMNP1b9HI0VQt7LzCrxT0ZP29muiUtcRg==}
    engines: {node: '>=12.20.0'}

  tinyest@0.1.1:
    resolution: {integrity: sha512-YNHlB8BOXgW6RPzrfqqAkgyY9xj33sjXJcJlOl3MwY0BXXx26m3JUqf5yV8iBdwJPNe51DmxypR9Zbbd266biQ==}
    engines: {node: '>=12.20.0'}

  tinyglobby@0.2.15:
    resolution: {integrity: sha512-j2Zq4NyQYG5XMST4cbs02Ak8iJUdxRM0XI5QyxXuZOzKOINmWurp3smXu3y5wDcJrptwpSjgXHzIQxR0omXljQ==}
    engines: {node: '>=12.0.0'}

  typed-binary@4.3.2:
    resolution: {integrity: sha512-HT3pIBM2njCZUmeczDaQUUErGiM6GXFCqMsHegE12HCoBtvHCkfR10JJni0TeGOTnLilTd6YFyj+YhflqQDrDQ==}

  typegpu@https://pkg.pr.new/software-mansion/TypeGPU/typegpu@7320da746159cbb45eede15be0188cd2a3a3af6d:
    resolution: {tarball: https://pkg.pr.new/software-mansion/TypeGPU/typegpu@7320da746159cbb45eede15be0188cd2a3a3af6d}
    version: 0.8.0
    engines: {node: '>=12.20.0'}

  typescript@5.8.3:
    resolution: {integrity: sha512-p1diW6TqL9L07nNxvRMM7hMMw4c5XOo/1ibL4aAIGmSAt9slTE1Xgw5KWuof2uTOvCg9BY7ZRi+GaF+7sfgPeQ==}
    engines: {node: '>=14.17'}
    hasBin: true

  unplugin-typegpu@0.2.2:
    resolution: {integrity: sha512-5pbwv0cTMRMxRCQXEPAMUsUoAKMQsz2B4zlhpRRHNy3qtMk+rP3Uxe/5zZUtr2yAASCVO2iciblH5HqcUoijjQ==}
    version: 0.2.2
    peerDependencies:
      typegpu: ^0.7.0

  unplugin@2.3.10:
    resolution: {integrity: sha512-6NCPkv1ClwH+/BGE9QeoTIl09nuiAt0gS28nn1PvYXsGKRwM2TCbFA2QiilmehPDTXIe684k4rZI1yl3A1PCUw==}
    engines: {node: '>=18.12.0'}

  vite@7.1.7:
    resolution: {integrity: sha512-VbA8ScMvAISJNJVbRDTJdCwqQoAareR/wutevKanhR2/1EkoXVZVkkORaYm/tNVCjP/UDTKtcw3bAkwOUdedmA==}
    engines: {node: ^20.19.0 || >=22.12.0}
    hasBin: true
    peerDependencies:
      '@types/node': ^20.19.0 || >=22.12.0
      jiti: '>=1.21.0'
      less: ^4.0.0
      lightningcss: ^1.21.0
      sass: ^1.70.0
      sass-embedded: ^1.70.0
      stylus: '>=0.54.8'
      sugarss: ^5.0.0
      terser: ^5.16.0
      tsx: ^4.8.1
      yaml: ^2.4.2
    peerDependenciesMeta:
      '@types/node':
        optional: true
      jiti:
        optional: true
      less:
        optional: true
      lightningcss:
        optional: true
      sass:
        optional: true
      sass-embedded:
        optional: true
      stylus:
        optional: true
      sugarss:
        optional: true
      terser:
        optional: true
      tsx:
        optional: true
      yaml:
        optional: true

  wayfare@0.3.0-alpha.0:
    resolution: {integrity: sha512-AfqSUvYxg4rW7fUPP1SoowFqBiVRxzdlP9GE0ujI+7NUaCpo5oskQjO02dA/kDqL99jxeaYeWgOU/Ppwk6QrdQ==}
    version: 0.3.0-alpha.0
    peerDependencies:
      koota: ^0.5.0
      typegpu: ^0.7.0
      wgpu-matrix: ^3.4.0

  webpack-virtual-modules@0.6.2:
    resolution: {integrity: sha512-66/V2i5hQanC51vBQKPH4aI8NMAcBW59FVBs+rC7eGHupMyfn34q7rZIE+ETlJ+XTevqfUhVVBgSUNSW2flEUQ==}

  wgpu-matrix@3.4.0:
    resolution: {integrity: sha512-kXHrbAPKEn9A32Wf4wVldyx9MmnzwhuB5p8GCqoJP3ItU5+iDT4J3aTQwPZWkfb153hwGtqZtUwR2M+ipJKadg==}

snapshots:

  '@babel/standalone@7.28.4': {}

  '@esbuild/aix-ppc64@0.25.10':
    optional: true

  '@esbuild/android-arm64@0.25.10':
    optional: true

  '@esbuild/android-arm@0.25.10':
    optional: true

  '@esbuild/android-x64@0.25.10':
    optional: true

  '@esbuild/darwin-arm64@0.25.10':
    optional: true

  '@esbuild/darwin-x64@0.25.10':
    optional: true

  '@esbuild/freebsd-arm64@0.25.10':
    optional: true

  '@esbuild/freebsd-x64@0.25.10':
    optional: true

  '@esbuild/linux-arm64@0.25.10':
    optional: true

  '@esbuild/linux-arm@0.25.10':
    optional: true

  '@esbuild/linux-ia32@0.25.10':
    optional: true

  '@esbuild/linux-loong64@0.25.10':
    optional: true

  '@esbuild/linux-mips64el@0.25.10':
    optional: true

  '@esbuild/linux-ppc64@0.25.10':
    optional: true

  '@esbuild/linux-riscv64@0.25.10':
    optional: true

  '@esbuild/linux-s390x@0.25.10':
    optional: true

  '@esbuild/linux-x64@0.25.10':
    optional: true

  '@esbuild/netbsd-arm64@0.25.10':
    optional: true

  '@esbuild/netbsd-x64@0.25.10':
    optional: true

  '@esbuild/openbsd-arm64@0.25.10':
    optional: true

  '@esbuild/openbsd-x64@0.25.10':
    optional: true

  '@esbuild/openharmony-arm64@0.25.10':
    optional: true

  '@esbuild/sunos-x64@0.25.10':
    optional: true

  '@esbuild/win32-arm64@0.25.10':
    optional: true

  '@esbuild/win32-ia32@0.25.10':
    optional: true

  '@esbuild/win32-x64@0.25.10':
    optional: true

  '@jridgewell/gen-mapping@0.3.13':
    dependencies:
      '@jridgewell/sourcemap-codec': 1.5.5
      '@jridgewell/trace-mapping': 0.3.31

  '@jridgewell/remapping@2.3.5':
    dependencies:
      '@jridgewell/gen-mapping': 0.3.13
      '@jridgewell/trace-mapping': 0.3.31

  '@jridgewell/resolve-uri@3.1.2': {}

  '@jridgewell/sourcemap-codec@1.5.5': {}

  '@jridgewell/trace-mapping@0.3.31':
    dependencies:
      '@jridgewell/resolve-uri': 3.1.2
      '@jridgewell/sourcemap-codec': 1.5.5

  '@loaders.gl/core@4.3.4':
    dependencies:
      '@loaders.gl/loader-utils': 4.3.4(@loaders.gl/core@4.3.4)
      '@loaders.gl/schema': 4.3.4(@loaders.gl/core@4.3.4)
      '@loaders.gl/worker-utils': 4.3.4(@loaders.gl/core@4.3.4)
      '@probe.gl/log': 4.1.0

  '@loaders.gl/draco@4.3.4(@loaders.gl/core@4.3.4)':
    dependencies:
      '@loaders.gl/core': 4.3.4
      '@loaders.gl/loader-utils': 4.3.4(@loaders.gl/core@4.3.4)
      '@loaders.gl/schema': 4.3.4(@loaders.gl/core@4.3.4)
      '@loaders.gl/worker-utils': 4.3.4(@loaders.gl/core@4.3.4)
      draco3d: 1.5.7

  '@loaders.gl/gltf@4.3.4(@loaders.gl/core@4.3.4)':
    dependencies:
      '@loaders.gl/core': 4.3.4
      '@loaders.gl/draco': 4.3.4(@loaders.gl/core@4.3.4)
      '@loaders.gl/images': 4.3.4(@loaders.gl/core@4.3.4)
      '@loaders.gl/loader-utils': 4.3.4(@loaders.gl/core@4.3.4)
      '@loaders.gl/schema': 4.3.4(@loaders.gl/core@4.3.4)
      '@loaders.gl/textures': 4.3.4(@loaders.gl/core@4.3.4)
      '@math.gl/core': 4.1.0

  '@loaders.gl/images@4.3.4(@loaders.gl/core@4.3.4)':
    dependencies:
      '@loaders.gl/core': 4.3.4
      '@loaders.gl/loader-utils': 4.3.4(@loaders.gl/core@4.3.4)

  '@loaders.gl/loader-utils@4.3.4(@loaders.gl/core@4.3.4)':
    dependencies:
      '@loaders.gl/core': 4.3.4
      '@loaders.gl/schema': 4.3.4(@loaders.gl/core@4.3.4)
      '@loaders.gl/worker-utils': 4.3.4(@loaders.gl/core@4.3.4)
      '@probe.gl/log': 4.1.0
      '@probe.gl/stats': 4.1.0

  '@loaders.gl/obj@4.3.4(@loaders.gl/core@4.3.4)':
    dependencies:
      '@loaders.gl/core': 4.3.4
      '@loaders.gl/loader-utils': 4.3.4(@loaders.gl/core@4.3.4)
      '@loaders.gl/schema': 4.3.4(@loaders.gl/core@4.3.4)

  '@loaders.gl/schema@4.3.4(@loaders.gl/core@4.3.4)':
    dependencies:
      '@loaders.gl/core': 4.3.4
      '@types/geojson': 7946.0.16

  '@loaders.gl/textures@4.3.4(@loaders.gl/core@4.3.4)':
    dependencies:
      '@loaders.gl/core': 4.3.4
      '@loaders.gl/images': 4.3.4(@loaders.gl/core@4.3.4)
      '@loaders.gl/loader-utils': 4.3.4(@loaders.gl/core@4.3.4)
      '@loaders.gl/schema': 4.3.4(@loaders.gl/core@4.3.4)
      '@loaders.gl/worker-utils': 4.3.4(@loaders.gl/core@4.3.4)
      '@math.gl/types': 4.1.0
      ktx-parse: 0.7.1
      texture-compressor: 1.0.2

  '@loaders.gl/worker-utils@4.3.4(@loaders.gl/core@4.3.4)':
    dependencies:
      '@loaders.gl/core': 4.3.4

  '@math.gl/core@4.1.0':
    dependencies:
      '@math.gl/types': 4.1.0

  '@math.gl/types@4.1.0': {}

  '@probe.gl/env@4.1.0': {}

  '@probe.gl/log@4.1.0':
    dependencies:
      '@probe.gl/env': 4.1.0

  '@probe.gl/stats@4.1.0': {}

  '@rollup/rollup-android-arm-eabi@4.52.3':
    optional: true

  '@rollup/rollup-android-arm64@4.52.3':
    optional: true

  '@rollup/rollup-darwin-arm64@4.52.3':
    optional: true

  '@rollup/rollup-darwin-x64@4.52.3':
    optional: true

  '@rollup/rollup-freebsd-arm64@4.52.3':
    optional: true

  '@rollup/rollup-freebsd-x64@4.52.3':
    optional: true

  '@rollup/rollup-linux-arm-gnueabihf@4.52.3':
    optional: true

  '@rollup/rollup-linux-arm-musleabihf@4.52.3':
    optional: true

  '@rollup/rollup-linux-arm64-gnu@4.52.3':
    optional: true

  '@rollup/rollup-linux-arm64-musl@4.52.3':
    optional: true

  '@rollup/rollup-linux-loong64-gnu@4.52.3':
    optional: true

  '@rollup/rollup-linux-ppc64-gnu@4.52.3':
    optional: true

  '@rollup/rollup-linux-riscv64-gnu@4.52.3':
    optional: true

  '@rollup/rollup-linux-riscv64-musl@4.52.3':
    optional: true

  '@rollup/rollup-linux-s390x-gnu@4.52.3':
    optional: true

  '@rollup/rollup-linux-x64-gnu@4.52.3':
    optional: true

  '@rollup/rollup-linux-x64-musl@4.52.3':
    optional: true

  '@rollup/rollup-openharmony-arm64@4.52.3':
    optional: true

  '@rollup/rollup-win32-arm64-msvc@4.52.3':
    optional: true

  '@rollup/rollup-win32-ia32-msvc@4.52.3':
    optional: true

  '@rollup/rollup-win32-x64-gnu@4.52.3':
    optional: true

  '@rollup/rollup-win32-x64-msvc@4.52.3':
    optional: true

  '@types/estree@1.0.8': {}

  '@types/geojson@7946.0.16': {}

  '@webgpu/types@0.1.65': {}

  acorn@8.15.0: {}

  argparse@1.0.10:
    dependencies:
      sprintf-js: 1.0.3

  defu@6.1.4: {}

  draco3d@1.5.7: {}

  esbuild@0.25.10:
    optionalDependencies:
      '@esbuild/aix-ppc64': 0.25.10
      '@esbuild/android-arm': 0.25.10
      '@esbuild/android-arm64': 0.25.10
      '@esbuild/android-x64': 0.25.10
      '@esbuild/darwin-arm64': 0.25.10
      '@esbuild/darwin-x64': 0.25.10
      '@esbuild/freebsd-arm64': 0.25.10
      '@esbuild/freebsd-x64': 0.25.10
      '@esbuild/linux-arm': 0.25.10
      '@esbuild/linux-arm64': 0.25.10
      '@esbuild/linux-ia32': 0.25.10
      '@esbuild/linux-loong64': 0.25.10
      '@esbuild/linux-mips64el': 0.25.10
      '@esbuild/linux-ppc64': 0.25.10
      '@esbuild/linux-riscv64': 0.25.10
      '@esbuild/linux-s390x': 0.25.10
      '@esbuild/linux-x64': 0.25.10
      '@esbuild/netbsd-arm64': 0.25.10
      '@esbuild/netbsd-x64': 0.25.10
      '@esbuild/openbsd-arm64': 0.25.10
      '@esbuild/openbsd-x64': 0.25.10
      '@esbuild/openharmony-arm64': 0.25.10
      '@esbuild/sunos-x64': 0.25.10
      '@esbuild/win32-arm64': 0.25.10
      '@esbuild/win32-ia32': 0.25.10
      '@esbuild/win32-x64': 0.25.10

  estree-walker@3.0.3:
    dependencies:
      '@types/estree': 1.0.8

  fdir@6.5.0(picomatch@4.0.3):
    optionalDependencies:
      picomatch: 4.0.3

  fsevents@2.3.3:
    optional: true

  image-size@0.7.5: {}

  koota@0.5.1: {}

  ktx-parse@0.7.1: {}

  magic-string-ast@1.0.2:
    dependencies:
      magic-string: 0.30.19

  magic-string@0.30.19:
    dependencies:
      '@jridgewell/sourcemap-codec': 1.5.5

  nanoid@3.3.11: {}

  pathe@2.0.3: {}

  picocolors@1.1.1: {}

  picomatch@4.0.3: {}

  postcss@8.5.6:
    dependencies:
      nanoid: 3.3.11
      picocolors: 1.1.1
      source-map-js: 1.2.1

  rollup@4.52.3:
    dependencies:
      '@types/estree': 1.0.8
    optionalDependencies:
      '@rollup/rollup-android-arm-eabi': 4.52.3
      '@rollup/rollup-android-arm64': 4.52.3
      '@rollup/rollup-darwin-arm64': 4.52.3
      '@rollup/rollup-darwin-x64': 4.52.3
      '@rollup/rollup-freebsd-arm64': 4.52.3
      '@rollup/rollup-freebsd-x64': 4.52.3
      '@rollup/rollup-linux-arm-gnueabihf': 4.52.3
      '@rollup/rollup-linux-arm-musleabihf': 4.52.3
      '@rollup/rollup-linux-arm64-gnu': 4.52.3
      '@rollup/rollup-linux-arm64-musl': 4.52.3
      '@rollup/rollup-linux-loong64-gnu': 4.52.3
      '@rollup/rollup-linux-ppc64-gnu': 4.52.3
      '@rollup/rollup-linux-riscv64-gnu': 4.52.3
      '@rollup/rollup-linux-riscv64-musl': 4.52.3
      '@rollup/rollup-linux-s390x-gnu': 4.52.3
      '@rollup/rollup-linux-x64-gnu': 4.52.3
      '@rollup/rollup-linux-x64-musl': 4.52.3
      '@rollup/rollup-openharmony-arm64': 4.52.3
      '@rollup/rollup-win32-arm64-msvc': 4.52.3
      '@rollup/rollup-win32-ia32-msvc': 4.52.3
      '@rollup/rollup-win32-x64-gnu': 4.52.3
      '@rollup/rollup-win32-x64-msvc': 4.52.3
      fsevents: 2.3.3

  source-map-js@1.2.1: {}

  sprintf-js@1.0.3: {}

  texture-compressor@1.0.2:
    dependencies:
      argparse: 1.0.10
      image-size: 0.7.5

  tinyest-for-wgsl@0.1.2:
    dependencies:
      tinyest: 0.1.1

  tinyest@0.1.1: {}

  tinyglobby@0.2.15:
    dependencies:
      fdir: 6.5.0(picomatch@4.0.3)
      picomatch: 4.0.3

  typed-binary@4.3.2: {}

  typegpu@https://pkg.pr.new/software-mansion/TypeGPU/typegpu@7320da746159cbb45eede15be0188cd2a3a3af6d:
    dependencies:
      tinyest: 0.1.1
      typed-binary: 4.3.2

  typescript@5.8.3: {}

  unplugin-typegpu@0.2.2(typegpu@https://pkg.pr.new/software-mansion/TypeGPU/typegpu@7320da746159cbb45eede15be0188cd2a3a3af6d):
    dependencies:
      '@babel/standalone': 7.28.4
      defu: 6.1.4
      estree-walker: 3.0.3
      magic-string-ast: 1.0.2
      pathe: 2.0.3
      picomatch: 4.0.3
      tinyest: 0.1.1
      tinyest-for-wgsl: 0.1.2
      typegpu: https://pkg.pr.new/software-mansion/TypeGPU/typegpu@7320da746159cbb45eede15be0188cd2a3a3af6d
      unplugin: 2.3.10

  unplugin@2.3.10:
    dependencies:
      '@jridgewell/remapping': 2.3.5
      acorn: 8.15.0
      picomatch: 4.0.3
      webpack-virtual-modules: 0.6.2

  vite@7.1.7:
    dependencies:
      esbuild: 0.25.10
      fdir: 6.5.0(picomatch@4.0.3)
      picomatch: 4.0.3
      postcss: 8.5.6
      rollup: 4.52.3
      tinyglobby: 0.2.15
    optionalDependencies:
      fsevents: 2.3.3

  wayfare@0.3.0-alpha.0(koota@0.5.1)(typegpu@https://pkg.pr.new/software-mansion/TypeGPU/typegpu@7320da746159cbb45eede15be0188cd2a3a3af6d)(wgpu-matrix@3.4.0):
    dependencies:
      '@loaders.gl/core': 4.3.4
      '@loaders.gl/gltf': 4.3.4(@loaders.gl/core@4.3.4)
      '@loaders.gl/obj': 4.3.4(@loaders.gl/core@4.3.4)
      '@loaders.gl/schema': 4.3.4(@loaders.gl/core@4.3.4)
      koota: 0.5.1
      typegpu: https://pkg.pr.new/software-mansion/TypeGPU/typegpu@7320da746159cbb45eede15be0188cd2a3a3af6d
      wgpu-matrix: 3.4.0

  webpack-virtual-modules@0.6.2: {}

  wgpu-matrix@3.4.0: {}
